
Microsoft Visual Studio Solution File, Format Version 12.00
# Visual Studio Version 17
VisualStudioVersion = 17.2.32630.192
MinimumVisualStudioVersion = 10.0.40219.1
Project("{FAE04EC0-301F-11D3-BF4B-00C04F79EFBC}") = "BlueScren", "BlueScren.csproj", "{E6649A67-9E58-44D9-9DEB-1C3D2B4ACDCC}"
EndProject
Project("{FAE04EC0-301F-11D3-BF4B-00C04F79EFBC}") = "Triangel", "..\Triangel\Triangel.csproj", "{F86C9243-A7B2-4A72-A005-A5B5F464093B}"
EndProject
Global
	GlobalSection(SolutionConfigurationPlatforms) = preSolution
		Debug|Any CPU = Debug|Any CPU
		Release|Any CPU = Release|Any CPU
	EndGlobalSection
	GlobalSection(ProjectConfigurationPlatforms) = postSolution
		{E6649A67-9E58-44D9-9DEB-1C3D2B4ACDCC}.Debug|Any CPU.ActiveCfg = Debug|Any CPU
		{E6649A67-9E58-44D9-9DEB-1C3D2B4ACDCC}.Debug|Any CPU.Build.0 = Debug|Any CPU
		{E6649A67-9E58-44D9-9DEB-1C3D2B4ACDCC}.Release|Any CPU.ActiveCfg = Release|Any CPU
		{E6649A67-9E58-44D9-9DEB-1C3D2B4ACDCC}.Release|Any CPU.Build.0 = Release|Any CPU
		{F86C9243-A7B2-4A72-A005-A5B5F464093B}.Debug|Any CPU.ActiveCfg = Debug|Any CPU
		{F86C9243-A7B2-4A72-A005-A5B5F464093B}.Debug|Any CPU.Build.0 = Debug|Any CPU
		{F86C9243-A7B2-4A72-A005-A5B5F464093B}.Release|Any CPU.ActiveCfg = Release|Any CPU
		{F86C9243-A7B2-4A72-A005-A5B5F464093B}.Release|Any CPU.Build.0 = Release|Any CPU
	EndGlobalSection
	GlobalSection(SolutionProperties) = preSolution
		HideSolutionNode = FALSE
	EndGlobalSection
	GlobalSection(ExtensibilityGlobals) = postSolution
		SolutionGuid = {BEC61419-5FE9-4754-86D7-25FBFF74523A}
	EndGlobalSection
EndGlobal
